<?xml version="1.0" encoding="utf-8"?>
<Project ToolsVersion="4.0" xmlns="http://schemas.microsoft.com/developer/msbuild/2003">
  <ItemGroup>
    <ClCompile Include="Mainer.cpp" />
    <ClCompile Include="MeGlWindow.cpp" />
    <ClCompile Include="Camera.cpp" />
    <ClCompile Include="Primitives\ShapeGenerator.cpp">
      <Filter>Primitives</Filter>
    </ClCompile>
  </ItemGroup>
  <ItemGroup>
    <ClInclude Include="MeGlWindow.h" />
    <ClInclude Include="FragmentShaderCode.glsl" />
    <ClInclude Include="Camera.h" />
    <ClInclude Include="Primitives\ShapeGenerator.h">
      <Filter>Primitives</Filter>
    </ClInclude>
    <ClInclude Include="Primitives\Vertex.h">
      <Filter>Primitives</Filter>
    </ClInclude>
    <ClInclude Include="Primitives\ShapeData.h">
      <Filter>Primitives</Filter>
    </ClInclude>
  </ItemGroup>
  <ItemGroup>
    <None Include="VertexShaderCode.glsl" />
    <None Include="FragmentShaderWithoutLightCode.glsl" />
  </ItemGroup>
  <ItemGroup>
    <Filter Include="Primitives">
      <UniqueIdentifier>{387bcd6e-da40-426f-98cc-670f8775852d}</UniqueIdentifier>
    </Filter>
  </ItemGroup>
</Project>